{
  "version": 4,
  "terraform_version": "1.3.9",
  "serial": 160,
  "lineage": "ea32fdb5-b025-517a-4db4-f2acde5b7975",
  "outputs": {},
  "resources": [
    {
      "mode": "data",
      "type": "aws_iam_policy_document",
      "name": "ec2",
      "provider": "provider[\"registry.terraform.io/hashicorp/aws\"]",
      "instances": [
        {
          "schema_version": 0,
          "attributes": {
            "id": "2851119427",
            "json": "{\n  \"Version\": \"2012-10-17\",\n  \"Statement\": [\n    {\n      \"Effect\": \"Allow\",\n      \"Action\": \"sts:AssumeRole\",\n      \"Principal\": {\n        \"Service\": \"ec2.amazonaws.com\"\n      }\n    }\n  ]\n}",
            "override_policy_documents": null,
            "policy_id": null,
            "source_policy_documents": null,
            "statement": [
              {
                "actions": [
                  "sts:AssumeRole"
                ],
                "condition": [],
                "effect": "Allow",
                "not_actions": [],
                "not_principals": [],
                "not_resources": [],
                "principals": [
                  {
                    "identifiers": [
                      "ec2.amazonaws.com"
                    ],
                    "type": "Service"
                  }
                ],
                "resources": [],
                "sid": ""
              }
            ],
            "version": "2012-10-17"
          },
          "sensitive_attributes": []
        }
      ]
    },
    {
      "mode": "managed",
      "type": "aws_alb_listener",
      "name": "ec2-alb-http-listener",
      "provider": "provider[\"registry.terraform.io/hashicorp/aws\"]",
      "instances": [
        {
          "schema_version": 0,
          "attributes": {
            "alpn_policy": null,
            "arn": "arn:aws:elasticloadbalancing:ap-southeast-1:816058150320:listener/app/myproject-ec2-alb/7cc0497ea02df163/6eb9757d16a8a5fd",
            "certificate_arn": null,
            "default_action": [
              {
                "authenticate_cognito": [],
                "authenticate_oidc": [],
                "fixed_response": [],
                "forward": [],
                "order": 1,
                "redirect": [],
                "target_group_arn": "arn:aws:elasticloadbalancing:ap-southeast-1:816058150320:targetgroup/myproject-ec2-tg/aa9be6b606dbcc6a",
                "type": "forward"
              }
            ],
            "id": "arn:aws:elasticloadbalancing:ap-southeast-1:816058150320:listener/app/myproject-ec2-alb/7cc0497ea02df163/6eb9757d16a8a5fd",
            "load_balancer_arn": "arn:aws:elasticloadbalancing:ap-southeast-1:816058150320:loadbalancer/app/myproject-ec2-alb/7cc0497ea02df163",
            "mutual_authentication": [],
            "port": 80,
            "protocol": "HTTP",
            "ssl_policy": "",
            "tags": null,
            "tags_all": {},
            "timeouts": null
          },
          "sensitive_attributes": [],
          "private": "eyJlMmJmYjczMC1lY2FhLTExZTYtOGY4OC0zNDM2M2JjN2M0YzAiOnsiY3JlYXRlIjozMDAwMDAwMDAwMDAsInVwZGF0ZSI6MzAwMDAwMDAwMDAwfX0=",
          "dependencies": [
            "aws_alb_target_group.default-target-group",
            "aws_lb.terraform-lab",
            "aws_security_group.load-balancer",
            "aws_subnet.public_subnets",
            "aws_vpc.demovpc"
          ]
        }
      ]
    },
    {
      "mode": "managed",
      "type": "aws_alb_target_group",
      "name": "default-target-group",
      "provider": "provider[\"registry.terraform.io/hashicorp/aws\"]",
      "instances": [
        {
          "schema_version": 0,
          "attributes": {
            "arn": "arn:aws:elasticloadbalancing:ap-southeast-1:816058150320:targetgroup/myproject-ec2-tg/aa9be6b606dbcc6a",
            "arn_suffix": "targetgroup/myproject-ec2-tg/aa9be6b606dbcc6a",
            "connection_termination": null,
            "deregistration_delay": "300",
            "health_check": [
              {
                "enabled": true,
                "healthy_threshold": 5,
                "interval": 60,
                "matcher": "200",
                "path": "/",
                "port": "traffic-port",
                "protocol": "HTTP",
                "timeout": 2,
                "unhealthy_threshold": 2
              }
            ],
            "id": "arn:aws:elasticloadbalancing:ap-southeast-1:816058150320:targetgroup/myproject-ec2-tg/aa9be6b606dbcc6a",
            "ip_address_type": "ipv4",
            "lambda_multi_value_headers_enabled": false,
            "load_balancing_algorithm_type": "round_robin",
            "load_balancing_anomaly_mitigation": "off",
            "load_balancing_cross_zone_enabled": "use_load_balancer_configuration",
            "name": "myproject-ec2-tg",
            "name_prefix": "",
            "port": 80,
            "preserve_client_ip": null,
            "protocol": "HTTP",
            "protocol_version": "HTTP1",
            "proxy_protocol_v2": false,
            "slow_start": 0,
            "stickiness": [
              {
                "cookie_duration": 86400,
                "cookie_name": "",
                "enabled": false,
                "type": "lb_cookie"
              }
            ],
            "tags": null,
            "tags_all": {},
            "target_failover": [
              {
                "on_deregistration": null,
                "on_unhealthy": null
              }
            ],
            "target_health_state": [
              {
                "enable_unhealthy_connection_termination": null
              }
            ],
            "target_type": "instance",
            "vpc_id": "vpc-0a693aea7e5e24da7"
          },
          "sensitive_attributes": [],
          "private": "bnVsbA==",
          "dependencies": [
            "aws_vpc.demovpc"
          ]
        }
      ]
    },
    {
      "mode": "managed",
      "type": "aws_autoscaling_attachment",
      "name": "asg_attachment_bar",
      "provider": "provider[\"registry.terraform.io/hashicorp/aws\"]",
      "instances": [
        {
          "schema_version": 0,
          "attributes": {
            "autoscaling_group_name": "myproject-ec2_auto_scaling_group",
            "elb": null,
            "id": "myproject-ec2_auto_scaling_group-20240218123014079900000005",
            "lb_target_group_arn": "arn:aws:elasticloadbalancing:ap-southeast-1:816058150320:targetgroup/myproject-ec2-tg/aa9be6b606dbcc6a"
          },
          "sensitive_attributes": [],
          "private": "bnVsbA==",
          "dependencies": [
            "aws_alb_target_group.default-target-group",
            "aws_autoscaling_group.ec2-cluster",
            "aws_eip.nat_gateway",
            "aws_iam_instance_profile.session-manager",
            "aws_iam_role.session-manager",
            "aws_internet_gateway.gw",
            "aws_key_pair.tf-key-pair",
            "aws_launch_configuration.ec2",
            "aws_nat_gateway.terraform-lab-ngw",
            "aws_security_group.ec2",
            "aws_security_group.load-balancer",
            "aws_subnet.private_subnets",
            "aws_subnet.public_subnets",
            "aws_vpc.demovpc",
            "data.aws_iam_policy_document.ec2",
            "tls_private_key.rsa"
          ]
        }
      ]
    },
    {
      "mode": "managed",
      "type": "aws_autoscaling_group",
      "name": "ec2-cluster",
      "provider": "provider[\"registry.terraform.io/hashicorp/aws\"]",
      "instances": [
        {
          "schema_version": 1,
          "attributes": {
            "arn": "arn:aws:autoscaling:ap-southeast-1:816058150320:autoScalingGroup:35f07d34-8993-4625-a7db-9208440ccb64:autoScalingGroupName/myproject-ec2_auto_scaling_group",
            "availability_zones": [
              "ap-southeast-1a",
              "ap-southeast-1b"
            ],
            "capacity_rebalance": false,
            "context": "",
            "default_cooldown": 300,
            "default_instance_warmup": 0,
            "desired_capacity": 2,
            "desired_capacity_type": "",
            "enabled_metrics": null,
            "force_delete": false,
            "force_delete_warm_pool": false,
            "health_check_grace_period": 300,
            "health_check_type": "EC2",
            "id": "myproject-ec2_auto_scaling_group",
            "ignore_failed_scaling_activities": false,
            "initial_lifecycle_hook": [],
            "instance_maintenance_policy": [],
            "instance_refresh": [],
            "launch_configuration": "myproject-ec2-instances-lc",
            "launch_template": [],
            "load_balancers": [],
            "max_instance_lifetime": 0,
            "max_size": 2,
            "metrics_granularity": "1Minute",
            "min_elb_capacity": null,
            "min_size": 2,
            "mixed_instances_policy": [],
            "name": "myproject-ec2_auto_scaling_group",
            "name_prefix": "",
            "placement_group": "",
            "predicted_capacity": 0,
            "protect_from_scale_in": false,
            "service_linked_role_arn": "arn:aws:iam::816058150320:role/aws-service-role/autoscaling.amazonaws.com/AWSServiceRoleForAutoScaling",
            "suspended_processes": null,
            "tag": [],
            "target_group_arns": [
              "arn:aws:elasticloadbalancing:ap-southeast-1:816058150320:targetgroup/myproject-ec2-tg/aa9be6b606dbcc6a"
            ],
            "termination_policies": null,
            "timeouts": null,
            "traffic_source": [
              {
                "identifier": "arn:aws:elasticloadbalancing:ap-southeast-1:816058150320:targetgroup/myproject-ec2-tg/aa9be6b606dbcc6a",
                "type": "elbv2"
              }
            ],
            "vpc_zone_identifier": [
              "subnet-06b4ef696d08736db",
              "subnet-0d8726b200d137a59"
            ],
            "wait_for_capacity_timeout": "10m",
            "wait_for_elb_capacity": null,
            "warm_pool": [],
            "warm_pool_size": 0
          },
          "sensitive_attributes": [],
          "private": "eyJlMmJmYjczMC1lY2FhLTExZTYtOGY4OC0zNDM2M2JjN2M0YzAiOnsiZGVsZXRlIjo2MDAwMDAwMDAwMDAsInVwZGF0ZSI6NjAwMDAwMDAwMDAwfSwic2NoZW1hX3ZlcnNpb24iOiIxIn0=",
          "dependencies": [
            "aws_alb_target_group.default-target-group",
            "aws_eip.nat_gateway",
            "aws_iam_instance_profile.session-manager",
            "aws_iam_role.session-manager",
            "aws_internet_gateway.gw",
            "aws_key_pair.tf-key-pair",
            "aws_launch_configuration.ec2",
            "aws_nat_gateway.terraform-lab-ngw",
            "aws_security_group.ec2",
            "aws_security_group.load-balancer",
            "aws_subnet.private_subnets",
            "aws_subnet.public_subnets",
            "aws_vpc.demovpc",
            "data.aws_iam_policy_document.ec2",
            "tls_private_key.rsa"
          ]
        }
      ]
    },
    {
      "mode": "managed",
      "type": "aws_eip",
      "name": "nat_gateway",
      "provider": "provider[\"registry.terraform.io/hashicorp/aws\"]",
      "instances": [
        {
          "schema_version": 0,
          "attributes": {
            "address": null,
            "allocation_id": "eipalloc-0663c2a435c6a9c6e",
            "associate_with_private_ip": null,
            "association_id": "",
            "carrier_ip": "",
            "customer_owned_ip": "",
            "customer_owned_ipv4_pool": "",
            "domain": "vpc",
            "id": "eipalloc-0663c2a435c6a9c6e",
            "instance": "",
            "network_border_group": "ap-southeast-1",
            "network_interface": "",
            "private_dns": null,
            "private_ip": "",
            "public_dns": "ec2-13-251-149-111.ap-southeast-1.compute.amazonaws.com",
            "public_ip": "13.251.149.111",
            "public_ipv4_pool": "amazon",
            "tags": null,
            "tags_all": {},
            "timeouts": null,
            "vpc": true
          },
          "sensitive_attributes": [],
          "private": "eyJlMmJmYjczMC1lY2FhLTExZTYtOGY4OC0zNDM2M2JjN2M0YzAiOnsiZGVsZXRlIjoxODAwMDAwMDAwMDAsInJlYWQiOjkwMDAwMDAwMDAwMCwidXBkYXRlIjozMDAwMDAwMDAwMDB9fQ==",
          "dependencies": [
            "aws_internet_gateway.gw",
            "aws_vpc.demovpc"
          ]
        }
      ]
    },
    {
      "mode": "managed",
      "type": "aws_iam_instance_profile",
      "name": "session-manager",
      "provider": "provider[\"registry.terraform.io/hashicorp/aws\"]",
      "instances": [
        {
          "schema_version": 0,
          "attributes": {
            "arn": "arn:aws:iam::816058150320:instance-profile/session-manager",
            "create_date": "2024-02-18T12:26:49Z",
            "id": "session-manager",
            "name": "session-manager",
            "name_prefix": "",
            "path": "/",
            "role": "session-manager",
            "tags": null,
            "tags_all": {},
            "unique_id": "AIPA34AG3FWYDHVVAUM25"
          },
          "sensitive_attributes": [],
          "private": "bnVsbA==",
          "dependencies": [
            "aws_iam_role.session-manager",
            "data.aws_iam_policy_document.ec2"
          ]
        }
      ]
    },
    {
      "mode": "managed",
      "type": "aws_iam_policy",
      "name": "session-manager",
      "provider": "provider[\"registry.terraform.io/hashicorp/aws\"]",
      "instances": [
        {
          "schema_version": 0,
          "attributes": {
            "arn": "arn:aws:iam::816058150320:policy/session-manager",
            "description": "session-manager",
            "id": "arn:aws:iam::816058150320:policy/session-manager",
            "name": "session-manager",
            "name_prefix": "",
            "path": "/",
            "policy": "{\"Statement\":[{\"Action\":\"ec2:*\",\"Effect\":\"Allow\",\"Resource\":\"*\"},{\"Action\":\"elasticloadbalancing:*\",\"Effect\":\"Allow\",\"Resource\":\"*\"},{\"Action\":\"cloudwatch:*\",\"Effect\":\"Allow\",\"Resource\":\"*\"},{\"Action\":\"autoscaling:*\",\"Effect\":\"Allow\",\"Resource\":\"*\"},{\"Action\":\"iam:CreateServiceLinkedRole\",\"Condition\":{\"StringEquals\":{\"iam:AWSServiceName\":[\"autoscaling.amazonaws.com\",\"ec2scheduled.amazonaws.com\",\"elasticloadbalancing.amazonaws.com\",\"spot.amazonaws.com\",\"spotfleet.amazonaws.com\",\"transitgateway.amazonaws.com\"]}},\"Effect\":\"Allow\",\"Resource\":\"*\"}],\"Version\":\"2012-10-17\"}",
            "policy_id": "ANPA34AG3FWYPCABKMVAW",
            "tags": null,
            "tags_all": {}
          },
          "sensitive_attributes": [],
          "private": "bnVsbA=="
        }
      ]
    },
    {
      "mode": "managed",
      "type": "aws_iam_role",
      "name": "session-manager",
      "provider": "provider[\"registry.terraform.io/hashicorp/aws\"]",
      "instances": [
        {
          "schema_version": 0,
          "attributes": {
            "arn": "arn:aws:iam::816058150320:role/session-manager",
            "assume_role_policy": "{\"Statement\":[{\"Action\":\"sts:AssumeRole\",\"Effect\":\"Allow\",\"Principal\":{\"Service\":\"ec2.amazonaws.com\"}}],\"Version\":\"2012-10-17\"}",
            "create_date": "2024-02-18T12:26:48Z",
            "description": "",
            "force_detach_policies": false,
            "id": "session-manager",
            "inline_policy": [],
            "managed_policy_arns": [],
            "max_session_duration": 3600,
            "name": "session-manager",
            "name_prefix": "",
            "path": "/",
            "permissions_boundary": "",
            "tags": {
              "Name": "session-manager"
            },
            "tags_all": {
              "Name": "session-manager"
            },
            "unique_id": "AROA34AG3FWYN3TY3I2WJ"
          },
          "sensitive_attributes": [],
          "private": "bnVsbA==",
          "dependencies": [
            "data.aws_iam_policy_document.ec2"
          ]
        }
      ]
    },
    {
      "mode": "managed",
      "type": "aws_instance",
      "name": "bastion",
      "provider": "provider[\"registry.terraform.io/hashicorp/aws\"]",
      "instances": [
        {
          "schema_version": 1,
          "attributes": {
            "ami": "ami-0702b1aec03c6a3a4",
            "arn": "arn:aws:ec2:ap-southeast-1:816058150320:instance/i-05e258a9e8d1efcfa",
            "associate_public_ip_address": true,
            "availability_zone": "ap-southeast-1a",
            "capacity_reservation_specification": [
              {
                "capacity_reservation_preference": "open",
                "capacity_reservation_target": []
              }
            ],
            "cpu_core_count": 1,
            "cpu_options": [
              {
                "amd_sev_snp": "",
                "core_count": 1,
                "threads_per_core": 1
              }
            ],
            "cpu_threads_per_core": 1,
            "credit_specification": [
              {
                "cpu_credits": "standard"
              }
            ],
            "disable_api_stop": false,
            "disable_api_termination": false,
            "ebs_block_device": [],
            "ebs_optimized": false,
            "enclave_options": [
              {
                "enabled": false
              }
            ],
            "ephemeral_block_device": [],
            "get_password_data": false,
            "hibernation": false,
            "host_id": "",
            "host_resource_group_arn": null,
            "iam_instance_profile": "session-manager",
            "id": "i-05e258a9e8d1efcfa",
            "instance_initiated_shutdown_behavior": "stop",
            "instance_lifecycle": "",
            "instance_market_options": [],
            "instance_state": "running",
            "instance_type": "t2.micro",
            "ipv6_address_count": 0,
            "ipv6_addresses": [],
            "key_name": "tf-key-pair",
            "launch_template": [],
            "maintenance_options": [
              {
                "auto_recovery": "default"
              }
            ],
            "metadata_options": [
              {
                "http_endpoint": "enabled",
                "http_protocol_ipv6": "disabled",
                "http_put_response_hop_limit": 2,
                "http_tokens": "required",
                "instance_metadata_tags": "disabled"
              }
            ],
            "monitoring": false,
            "network_interface": [],
            "outpost_arn": "",
            "password_data": "",
            "placement_group": "",
            "placement_partition_number": 0,
            "primary_network_interface_id": "eni-0c7fa2bcb9033ee00",
            "private_dns": "ip-192-168-1-216.ap-southeast-1.compute.internal",
            "private_dns_name_options": [
              {
                "enable_resource_name_dns_a_record": false,
                "enable_resource_name_dns_aaaa_record": false,
                "hostname_type": "ip-name"
              }
            ],
            "private_ip": "192.168.1.216",
            "public_dns": "ec2-52-77-218-225.ap-southeast-1.compute.amazonaws.com",
            "public_ip": "52.77.218.225",
            "root_block_device": [
              {
                "delete_on_termination": true,
                "device_name": "/dev/xvda",
                "encrypted": false,
                "iops": 3000,
                "kms_key_id": "",
                "tags": {},
                "throughput": 125,
                "volume_id": "vol-048435099cfe1c435",
                "volume_size": 8,
                "volume_type": "gp3"
              }
            ],
            "secondary_private_ips": [],
            "security_groups": [
              "sg-00b46c59950972f57"
            ],
            "source_dest_check": true,
            "spot_instance_request_id": "",
            "subnet_id": "subnet-0690d5ae18043c7f5",
            "tags": {
              "Name": "Bastion"
            },
            "tags_all": {
              "Name": "Bastion"
            },
            "tenancy": "default",
            "timeouts": null,
            "user_data": null,
            "user_data_base64": null,
            "user_data_replace_on_change": false,
            "volume_tags": null,
            "vpc_security_group_ids": [
              "sg-00b46c59950972f57"
            ]
          },
          "sensitive_attributes": [],
          "private": "eyJlMmJmYjczMC1lY2FhLTExZTYtOGY4OC0zNDM2M2JjN2M0YzAiOnsiY3JlYXRlIjo2MDAwMDAwMDAwMDAsImRlbGV0ZSI6MTIwMDAwMDAwMDAwMCwidXBkYXRlIjo2MDAwMDAwMDAwMDB9LCJzY2hlbWFfdmVyc2lvbiI6IjEifQ==",
          "dependencies": [
            "aws_iam_instance_profile.session-manager",
            "aws_iam_role.session-manager",
            "aws_key_pair.tf-key-pair",
            "aws_security_group.ec2",
            "aws_security_group.load-balancer",
            "aws_subnet.public_subnets",
            "aws_vpc.demovpc",
            "data.aws_iam_policy_document.ec2",
            "tls_private_key.rsa"
          ]
        }
      ]
    },
    {
      "mode": "managed",
      "type": "aws_internet_gateway",
      "name": "gw",
      "provider": "provider[\"registry.terraform.io/hashicorp/aws\"]",
      "instances": [
        {
          "schema_version": 0,
          "attributes": {
            "arn": "arn:aws:ec2:ap-southeast-1:816058150320:internet-gateway/igw-051e4972fcfb2cd82",
            "id": "igw-051e4972fcfb2cd82",
            "owner_id": "816058150320",
            "tags": {
              "Name": "Project VPC IG"
            },
            "tags_all": {
              "Name": "Project VPC IG"
            },
            "timeouts": null,
            "vpc_id": "vpc-0a693aea7e5e24da7"
          },
          "sensitive_attributes": [],
          "private": "eyJlMmJmYjczMC1lY2FhLTExZTYtOGY4OC0zNDM2M2JjN2M0YzAiOnsiY3JlYXRlIjoxMjAwMDAwMDAwMDAwLCJkZWxldGUiOjEyMDAwMDAwMDAwMDAsInVwZGF0ZSI6MTIwMDAwMDAwMDAwMH19",
          "dependencies": [
            "aws_vpc.demovpc"
          ]
        }
      ]
    },
    {
      "mode": "managed",
      "type": "aws_key_pair",
      "name": "tf-key-pair",
      "provider": "provider[\"registry.terraform.io/hashicorp/aws\"]",
      "instances": [
        {
          "schema_version": 1,
          "attributes": {
            "arn": "arn:aws:ec2:ap-southeast-1:816058150320:key-pair/tf-key-pair",
            "fingerprint": "08:5a:55:e8:3e:ae:13:86:85:d3:8b:a7:30:87:6e:61",
            "id": "tf-key-pair",
            "key_name": "tf-key-pair",
            "key_name_prefix": "",
            "key_pair_id": "key-0c5e172ae0f44ddec",
            "key_type": "rsa",
            "public_key": "ssh-rsa AAAAB3NzaC1yc2EAAAADAQABAAACAQC+BhssxY6EOZZkdSsMtjVCf1O/j1TMFQwGNSrrG2lbjggj8zBf+UeSlgtH94sudEeEsEtnoB1bhQToCkvb147XctPWb628YhAuy0BkoYzl7mgjLlW4bMqsut09QFoDgap+cEblgzZB5U8l2A6hRwyndL7LUc0+qlgbAVfopdvkg7URfwytkvbd7FrqbuqmtifMmY1RpP47wqqJGtQ+21AGK2rLBD+7HMQtKkUL4/HDAzom50AuXk3sxP6Xi20qFlxyLJfqizwPQeAu6tH4ViVa+S3jJxPZRUC0GvMpnE7Xk/O4awDPsu7/JcP8wedjA9bXecBimJ6mF/4dl3bOZoyA00kQt8gOPwqfZ+5Fl09c5hYQbfU2zDQTszilfXHvzLfmDyCMLyDcVFpBD1tR00yu8M1g9Xquv4KXWMWPp2mmm0zZ1mWSDwP59RJLhWa/040qP0mm/fLn7xE08I6pSXmu9S/1BLrX0KjSjnmruEteuR4dQslF9F2OVNmBo25Sz7e0xDlhZV/KSA2VSjE24XcWNpHQ7ZllsZydti1YjEw/7ddR2Ct2Txr8/mSaBP7V5inkS7ZA8cxuH8vK7G+/t+jqc8kNZwhYGCaPFxp4z6feFDCYFasFsFhEjVswPCW3pkUEwSKm7qwW+5cNuNU3SMb607zKEFi4F0W23qKp1UNdoQ==",
            "tags": null,
            "tags_all": {}
          },
          "sensitive_attributes": [],
          "private": "eyJzY2hlbWFfdmVyc2lvbiI6IjEifQ==",
          "dependencies": [
            "tls_private_key.rsa"
          ]
        }
      ]
    },
    {
      "mode": "managed",
      "type": "aws_launch_configuration",
      "name": "ec2",
      "provider": "provider[\"registry.terraform.io/hashicorp/aws\"]",
      "instances": [
        {
          "schema_version": 0,
          "attributes": {
            "arn": "arn:aws:autoscaling:ap-southeast-1:816058150320:launchConfiguration:39f59cc3-26d9-42c6-b6d1-a5dbe40624f7:launchConfigurationName/myproject-ec2-instances-lc",
            "associate_public_ip_address": false,
            "ebs_block_device": [],
            "ebs_optimized": false,
            "enable_monitoring": true,
            "ephemeral_block_device": [],
            "iam_instance_profile": "session-manager",
            "id": "myproject-ec2-instances-lc",
            "image_id": "ami-0702b1aec03c6a3a4",
            "instance_type": "t2.micro",
            "key_name": "tf-key-pair",
            "metadata_options": [],
            "name": "myproject-ec2-instances-lc",
            "name_prefix": "",
            "placement_tenancy": "",
            "root_block_device": [],
            "security_groups": [
              "sg-00b46c59950972f57"
            ],
            "spot_price": "",
            "user_data": "3e6e98c0e67c967a33ba16dbb5e4748592b0ab57",
            "user_data_base64": null
          },
          "sensitive_attributes": [],
          "private": "bnVsbA==",
          "dependencies": [
            "aws_eip.nat_gateway",
            "aws_iam_instance_profile.session-manager",
            "aws_iam_role.session-manager",
            "aws_internet_gateway.gw",
            "aws_key_pair.tf-key-pair",
            "aws_nat_gateway.terraform-lab-ngw",
            "aws_security_group.ec2",
            "aws_security_group.load-balancer",
            "aws_subnet.public_subnets",
            "aws_vpc.demovpc",
            "data.aws_iam_policy_document.ec2",
            "tls_private_key.rsa"
          ]
        }
      ]
    },
    {
      "mode": "managed",
      "type": "aws_lb",
      "name": "terraform-lab",
      "provider": "provider[\"registry.terraform.io/hashicorp/aws\"]",
      "instances": [
        {
          "schema_version": 0,
          "attributes": {
            "access_logs": [
              {
                "bucket": "",
                "enabled": false,
                "prefix": ""
              }
            ],
            "arn": "arn:aws:elasticloadbalancing:ap-southeast-1:816058150320:loadbalancer/app/myproject-ec2-alb/7cc0497ea02df163",
            "arn_suffix": "app/myproject-ec2-alb/7cc0497ea02df163",
            "connection_logs": [
              {
                "bucket": "",
                "enabled": false,
                "prefix": ""
              }
            ],
            "customer_owned_ipv4_pool": "",
            "desync_mitigation_mode": "defensive",
            "dns_name": "myproject-ec2-alb-2016379717.ap-southeast-1.elb.amazonaws.com",
            "dns_record_client_routing_policy": null,
            "drop_invalid_header_fields": false,
            "enable_cross_zone_load_balancing": true,
            "enable_deletion_protection": false,
            "enable_http2": true,
            "enable_tls_version_and_cipher_suite_headers": false,
            "enable_waf_fail_open": false,
            "enable_xff_client_port": false,
            "enforce_security_group_inbound_rules_on_private_link_traffic": "",
            "id": "arn:aws:elasticloadbalancing:ap-southeast-1:816058150320:loadbalancer/app/myproject-ec2-alb/7cc0497ea02df163",
            "idle_timeout": 60,
            "internal": false,
            "ip_address_type": "ipv4",
            "load_balancer_type": "application",
            "name": "myproject-ec2-alb",
            "name_prefix": "",
            "preserve_host_header": false,
            "security_groups": [
              "sg-0e3c7360cee9805aa"
            ],
            "subnet_mapping": [
              {
                "allocation_id": "",
                "ipv6_address": "",
                "outpost_id": "",
                "private_ipv4_address": "",
                "subnet_id": "subnet-01bb969c075500445"
              },
              {
                "allocation_id": "",
                "ipv6_address": "",
                "outpost_id": "",
                "private_ipv4_address": "",
                "subnet_id": "subnet-0690d5ae18043c7f5"
              }
            ],
            "subnets": [
              "subnet-01bb969c075500445",
              "subnet-0690d5ae18043c7f5"
            ],
            "tags": null,
            "tags_all": {},
            "timeouts": null,
            "vpc_id": "vpc-0a693aea7e5e24da7",
            "xff_header_processing_mode": "append",
            "zone_id": "Z1LMS91P8CMLE5"
          },
          "sensitive_attributes": [],
          "private": "eyJlMmJmYjczMC1lY2FhLTExZTYtOGY4OC0zNDM2M2JjN2M0YzAiOnsiY3JlYXRlIjo2MDAwMDAwMDAwMDAsImRlbGV0ZSI6NjAwMDAwMDAwMDAwLCJ1cGRhdGUiOjYwMDAwMDAwMDAwMH19",
          "dependencies": [
            "aws_security_group.load-balancer",
            "aws_subnet.public_subnets",
            "aws_vpc.demovpc"
          ]
        }
      ]
    },
    {
      "mode": "managed",
      "type": "aws_nat_gateway",
      "name": "terraform-lab-ngw",
      "provider": "provider[\"registry.terraform.io/hashicorp/aws\"]",
      "instances": [
        {
          "schema_version": 0,
          "attributes": {
            "allocation_id": "eipalloc-0663c2a435c6a9c6e",
            "association_id": "eipassoc-0e8fe9f067b9a1e8e",
            "connectivity_type": "public",
            "id": "nat-0deb8f27206818e7a",
            "network_interface_id": "eni-0ec52d68b37d37a03",
            "private_ip": "192.168.1.164",
            "public_ip": "13.251.149.111",
            "secondary_allocation_ids": null,
            "secondary_private_ip_address_count": 0,
            "secondary_private_ip_addresses": [],
            "subnet_id": "subnet-0690d5ae18043c7f5",
            "tags": {
              "Name": "terraform-lab-ngw"
            },
            "tags_all": {
              "Name": "terraform-lab-ngw"
            },
            "timeouts": null
          },
          "sensitive_attributes": [],
          "private": "eyJlMmJmYjczMC1lY2FhLTExZTYtOGY4OC0zNDM2M2JjN2M0YzAiOnsiY3JlYXRlIjo2MDAwMDAwMDAwMDAsImRlbGV0ZSI6MTgwMDAwMDAwMDAwMCwidXBkYXRlIjo2MDAwMDAwMDAwMDB9fQ==",
          "dependencies": [
            "aws_eip.nat_gateway",
            "aws_internet_gateway.gw",
            "aws_subnet.public_subnets",
            "aws_vpc.demovpc"
          ]
        }
      ]
    },
    {
      "mode": "managed",
      "type": "aws_route",
      "name": "nat-ngw-route",
      "provider": "provider[\"registry.terraform.io/hashicorp/aws\"]",
      "instances": [
        {
          "schema_version": 0,
          "attributes": {
            "carrier_gateway_id": "",
            "core_network_arn": "",
            "destination_cidr_block": "0.0.0.0/0",
            "destination_ipv6_cidr_block": "",
            "destination_prefix_list_id": "",
            "egress_only_gateway_id": "",
            "gateway_id": "",
            "id": "r-rtb-02a83ac2646c916de1080289494",
            "instance_id": "",
            "instance_owner_id": "",
            "local_gateway_id": "",
            "nat_gateway_id": "nat-0deb8f27206818e7a",
            "network_interface_id": "",
            "origin": "CreateRoute",
            "route_table_id": "rtb-02a83ac2646c916de",
            "state": "active",
            "timeouts": null,
            "transit_gateway_id": "",
            "vpc_endpoint_id": "",
            "vpc_peering_connection_id": ""
          },
          "sensitive_attributes": [],
          "private": "eyJlMmJmYjczMC1lY2FhLTExZTYtOGY4OC0zNDM2M2JjN2M0YzAiOnsiY3JlYXRlIjozMDAwMDAwMDAwMDAsImRlbGV0ZSI6MzAwMDAwMDAwMDAwLCJ1cGRhdGUiOjEyMDAwMDAwMDAwMH19",
          "dependencies": [
            "aws_eip.nat_gateway",
            "aws_internet_gateway.gw",
            "aws_nat_gateway.terraform-lab-ngw",
            "aws_route_table.private-route-table",
            "aws_subnet.public_subnets",
            "aws_vpc.demovpc"
          ]
        }
      ]
    },
    {
      "mode": "managed",
      "type": "aws_route_table",
      "name": "private-route-table",
      "provider": "provider[\"registry.terraform.io/hashicorp/aws\"]",
      "instances": [
        {
          "schema_version": 0,
          "attributes": {
            "arn": "arn:aws:ec2:ap-southeast-1:816058150320:route-table/rtb-02a83ac2646c916de",
            "id": "rtb-02a83ac2646c916de",
            "owner_id": "816058150320",
            "propagating_vgws": [],
            "route": [],
            "tags": {
              "Name": "private-terraform-lab-route-table"
            },
            "tags_all": {
              "Name": "private-terraform-lab-route-table"
            },
            "timeouts": null,
            "vpc_id": "vpc-0a693aea7e5e24da7"
          },
          "sensitive_attributes": [],
          "private": "eyJlMmJmYjczMC1lY2FhLTExZTYtOGY4OC0zNDM2M2JjN2M0YzAiOnsiY3JlYXRlIjozMDAwMDAwMDAwMDAsImRlbGV0ZSI6MzAwMDAwMDAwMDAwLCJ1cGRhdGUiOjEyMDAwMDAwMDAwMH19",
          "dependencies": [
            "aws_vpc.demovpc"
          ]
        }
      ]
    },
    {
      "mode": "managed",
      "type": "aws_route_table",
      "name": "second_rt",
      "provider": "provider[\"registry.terraform.io/hashicorp/aws\"]",
      "instances": [
        {
          "schema_version": 0,
          "attributes": {
            "arn": "arn:aws:ec2:ap-southeast-1:816058150320:route-table/rtb-026a76a7ef6d19efb",
            "id": "rtb-026a76a7ef6d19efb",
            "owner_id": "816058150320",
            "propagating_vgws": [],
            "route": [
              {
                "carrier_gateway_id": "",
                "cidr_block": "0.0.0.0/0",
                "core_network_arn": "",
                "destination_prefix_list_id": "",
                "egress_only_gateway_id": "",
                "gateway_id": "igw-051e4972fcfb2cd82",
                "ipv6_cidr_block": "",
                "local_gateway_id": "",
                "nat_gateway_id": "",
                "network_interface_id": "",
                "transit_gateway_id": "",
                "vpc_endpoint_id": "",
                "vpc_peering_connection_id": ""
              }
            ],
            "tags": {
              "Name": "2nd Route Table"
            },
            "tags_all": {
              "Name": "2nd Route Table"
            },
            "timeouts": null,
            "vpc_id": "vpc-0a693aea7e5e24da7"
          },
          "sensitive_attributes": [],
          "private": "eyJlMmJmYjczMC1lY2FhLTExZTYtOGY4OC0zNDM2M2JjN2M0YzAiOnsiY3JlYXRlIjozMDAwMDAwMDAwMDAsImRlbGV0ZSI6MzAwMDAwMDAwMDAwLCJ1cGRhdGUiOjEyMDAwMDAwMDAwMH19",
          "dependencies": [
            "aws_internet_gateway.gw",
            "aws_vpc.demovpc"
          ]
        }
      ]
    },
    {
      "mode": "managed",
      "type": "aws_route_table_association",
      "name": "private-route-1-association",
      "provider": "provider[\"registry.terraform.io/hashicorp/aws\"]",
      "instances": [
        {
          "schema_version": 0,
          "attributes": {
            "gateway_id": "",
            "id": "rtbassoc-0a5ca396a9839eb19",
            "route_table_id": "rtb-02a83ac2646c916de",
            "subnet_id": "subnet-06b4ef696d08736db",
            "timeouts": null
          },
          "sensitive_attributes": [],
          "private": "eyJlMmJmYjczMC1lY2FhLTExZTYtOGY4OC0zNDM2M2JjN2M0YzAiOnsiY3JlYXRlIjozMDAwMDAwMDAwMDAsImRlbGV0ZSI6MzAwMDAwMDAwMDAwLCJ1cGRhdGUiOjEyMDAwMDAwMDAwMH19",
          "dependencies": [
            "aws_route_table.private-route-table",
            "aws_subnet.private_subnets",
            "aws_vpc.demovpc"
          ]
        }
      ]
    },
    {
      "mode": "managed",
      "type": "aws_route_table_association",
      "name": "private-route-2-association",
      "provider": "provider[\"registry.terraform.io/hashicorp/aws\"]",
      "instances": [
        {
          "schema_version": 0,
          "attributes": {
            "gateway_id": "",
            "id": "rtbassoc-05296243960b3592c",
            "route_table_id": "rtb-02a83ac2646c916de",
            "subnet_id": "subnet-0d8726b200d137a59",
            "timeouts": null
          },
          "sensitive_attributes": [],
          "private": "eyJlMmJmYjczMC1lY2FhLTExZTYtOGY4OC0zNDM2M2JjN2M0YzAiOnsiY3JlYXRlIjozMDAwMDAwMDAwMDAsImRlbGV0ZSI6MzAwMDAwMDAwMDAwLCJ1cGRhdGUiOjEyMDAwMDAwMDAwMH19",
          "dependencies": [
            "aws_route_table.private-route-table",
            "aws_subnet.private_subnets",
            "aws_vpc.demovpc"
          ]
        }
      ]
    },
    {
      "mode": "managed",
      "type": "aws_route_table_association",
      "name": "public_subnet_asso",
      "provider": "provider[\"registry.terraform.io/hashicorp/aws\"]",
      "instances": [
        {
          "index_key": 0,
          "schema_version": 0,
          "attributes": {
            "gateway_id": "",
            "id": "rtbassoc-074bdf77bf172f648",
            "route_table_id": "rtb-026a76a7ef6d19efb",
            "subnet_id": "subnet-0690d5ae18043c7f5",
            "timeouts": null
          },
          "sensitive_attributes": [],
          "private": "eyJlMmJmYjczMC1lY2FhLTExZTYtOGY4OC0zNDM2M2JjN2M0YzAiOnsiY3JlYXRlIjozMDAwMDAwMDAwMDAsImRlbGV0ZSI6MzAwMDAwMDAwMDAwLCJ1cGRhdGUiOjEyMDAwMDAwMDAwMH19",
          "dependencies": [
            "aws_internet_gateway.gw",
            "aws_route_table.second_rt",
            "aws_subnet.public_subnets",
            "aws_vpc.demovpc"
          ]
        },
        {
          "index_key": 1,
          "schema_version": 0,
          "attributes": {
            "gateway_id": "",
            "id": "rtbassoc-0470711c63c99d9e2",
            "route_table_id": "rtb-026a76a7ef6d19efb",
            "subnet_id": "subnet-01bb969c075500445",
            "timeouts": null
          },
          "sensitive_attributes": [],
          "private": "eyJlMmJmYjczMC1lY2FhLTExZTYtOGY4OC0zNDM2M2JjN2M0YzAiOnsiY3JlYXRlIjozMDAwMDAwMDAwMDAsImRlbGV0ZSI6MzAwMDAwMDAwMDAwLCJ1cGRhdGUiOjEyMDAwMDAwMDAwMH19",
          "dependencies": [
            "aws_internet_gateway.gw",
            "aws_route_table.second_rt",
            "aws_subnet.public_subnets",
            "aws_vpc.demovpc"
          ]
        }
      ]
    },
    {
      "mode": "managed",
      "type": "aws_security_group",
      "name": "ec2",
      "provider": "provider[\"registry.terraform.io/hashicorp/aws\"]",
      "instances": [
        {
          "schema_version": 1,
          "attributes": {
            "arn": "arn:aws:ec2:ap-southeast-1:816058150320:security-group/sg-00b46c59950972f57",
            "description": "Allows inbound access from the ALB only",
            "egress": [
              {
                "cidr_blocks": [
                  "0.0.0.0/0"
                ],
                "description": "",
                "from_port": 0,
                "ipv6_cidr_blocks": [],
                "prefix_list_ids": [],
                "protocol": "-1",
                "security_groups": [],
                "self": false,
                "to_port": 0
              }
            ],
            "id": "sg-00b46c59950972f57",
            "ingress": [
              {
                "cidr_blocks": [
                  "0.0.0.0/0"
                ],
                "description": "",
                "from_port": 22,
                "ipv6_cidr_blocks": [],
                "prefix_list_ids": [],
                "protocol": "tcp",
                "security_groups": [],
                "self": false,
                "to_port": 22
              },
              {
                "cidr_blocks": [],
                "description": "",
                "from_port": 0,
                "ipv6_cidr_blocks": [],
                "prefix_list_ids": [],
                "protocol": "-1",
                "security_groups": [
                  "sg-0e3c7360cee9805aa"
                ],
                "self": false,
                "to_port": 0
              }
            ],
            "name": "ec2_security_group",
            "name_prefix": "",
            "owner_id": "816058150320",
            "revoke_rules_on_delete": false,
            "tags": null,
            "tags_all": {},
            "timeouts": null,
            "vpc_id": "vpc-0a693aea7e5e24da7"
          },
          "sensitive_attributes": [],
          "private": "eyJlMmJmYjczMC1lY2FhLTExZTYtOGY4OC0zNDM2M2JjN2M0YzAiOnsiY3JlYXRlIjo2MDAwMDAwMDAwMDAsImRlbGV0ZSI6OTAwMDAwMDAwMDAwfSwic2NoZW1hX3ZlcnNpb24iOiIxIn0=",
          "dependencies": [
            "aws_security_group.load-balancer",
            "aws_vpc.demovpc"
          ]
        }
      ]
    },
    {
      "mode": "managed",
      "type": "aws_security_group",
      "name": "load-balancer",
      "provider": "provider[\"registry.terraform.io/hashicorp/aws\"]",
      "instances": [
        {
          "schema_version": 1,
          "attributes": {
            "arn": "arn:aws:ec2:ap-southeast-1:816058150320:security-group/sg-0e3c7360cee9805aa",
            "description": "Controls access to the ALB",
            "egress": [
              {
                "cidr_blocks": [
                  "0.0.0.0/0"
                ],
                "description": "",
                "from_port": 0,
                "ipv6_cidr_blocks": [],
                "prefix_list_ids": [],
                "protocol": "-1",
                "security_groups": [],
                "self": false,
                "to_port": 0
              }
            ],
            "id": "sg-0e3c7360cee9805aa",
            "ingress": [
              {
                "cidr_blocks": [
                  "0.0.0.0/0"
                ],
                "description": "",
                "from_port": 80,
                "ipv6_cidr_blocks": [],
                "prefix_list_ids": [],
                "protocol": "tcp",
                "security_groups": [],
                "self": false,
                "to_port": 80
              }
            ],
            "name": "load_balancer_security_group",
            "name_prefix": "",
            "owner_id": "816058150320",
            "revoke_rules_on_delete": false,
            "tags": null,
            "tags_all": {},
            "timeouts": null,
            "vpc_id": "vpc-0a693aea7e5e24da7"
          },
          "sensitive_attributes": [],
          "private": "eyJlMmJmYjczMC1lY2FhLTExZTYtOGY4OC0zNDM2M2JjN2M0YzAiOnsiY3JlYXRlIjo2MDAwMDAwMDAwMDAsImRlbGV0ZSI6OTAwMDAwMDAwMDAwfSwic2NoZW1hX3ZlcnNpb24iOiIxIn0=",
          "dependencies": [
            "aws_vpc.demovpc"
          ]
        }
      ]
    },
    {
      "mode": "managed",
      "type": "aws_subnet",
      "name": "private_subnets",
      "provider": "provider[\"registry.terraform.io/hashicorp/aws\"]",
      "instances": [
        {
          "index_key": 0,
          "schema_version": 1,
          "attributes": {
            "arn": "arn:aws:ec2:ap-southeast-1:816058150320:subnet/subnet-06b4ef696d08736db",
            "assign_ipv6_address_on_creation": false,
            "availability_zone": "ap-southeast-1a",
            "availability_zone_id": "apse1-az2",
            "cidr_block": "192.168.3.0/24",
            "customer_owned_ipv4_pool": "",
            "enable_dns64": false,
            "enable_lni_at_device_index": 0,
            "enable_resource_name_dns_a_record_on_launch": false,
            "enable_resource_name_dns_aaaa_record_on_launch": false,
            "id": "subnet-06b4ef696d08736db",
            "ipv6_cidr_block": "",
            "ipv6_cidr_block_association_id": "",
            "ipv6_native": false,
            "map_customer_owned_ip_on_launch": false,
            "map_public_ip_on_launch": false,
            "outpost_arn": "",
            "owner_id": "816058150320",
            "private_dns_hostname_type_on_launch": "ip-name",
            "tags": {
              "Name": "Private Subnet 1"
            },
            "tags_all": {
              "Name": "Private Subnet 1"
            },
            "timeouts": null,
            "vpc_id": "vpc-0a693aea7e5e24da7"
          },
          "sensitive_attributes": [],
          "private": "eyJlMmJmYjczMC1lY2FhLTExZTYtOGY4OC0zNDM2M2JjN2M0YzAiOnsiY3JlYXRlIjo2MDAwMDAwMDAwMDAsImRlbGV0ZSI6MTIwMDAwMDAwMDAwMH0sInNjaGVtYV92ZXJzaW9uIjoiMSJ9",
          "dependencies": [
            "aws_vpc.demovpc"
          ]
        },
        {
          "index_key": 1,
          "schema_version": 1,
          "attributes": {
            "arn": "arn:aws:ec2:ap-southeast-1:816058150320:subnet/subnet-0d8726b200d137a59",
            "assign_ipv6_address_on_creation": false,
            "availability_zone": "ap-southeast-1b",
            "availability_zone_id": "apse1-az1",
            "cidr_block": "192.168.4.0/24",
            "customer_owned_ipv4_pool": "",
            "enable_dns64": false,
            "enable_lni_at_device_index": 0,
            "enable_resource_name_dns_a_record_on_launch": false,
            "enable_resource_name_dns_aaaa_record_on_launch": false,
            "id": "subnet-0d8726b200d137a59",
            "ipv6_cidr_block": "",
            "ipv6_cidr_block_association_id": "",
            "ipv6_native": false,
            "map_customer_owned_ip_on_launch": false,
            "map_public_ip_on_launch": false,
            "outpost_arn": "",
            "owner_id": "816058150320",
            "private_dns_hostname_type_on_launch": "ip-name",
            "tags": {
              "Name": "Private Subnet 2"
            },
            "tags_all": {
              "Name": "Private Subnet 2"
            },
            "timeouts": null,
            "vpc_id": "vpc-0a693aea7e5e24da7"
          },
          "sensitive_attributes": [],
          "private": "eyJlMmJmYjczMC1lY2FhLTExZTYtOGY4OC0zNDM2M2JjN2M0YzAiOnsiY3JlYXRlIjo2MDAwMDAwMDAwMDAsImRlbGV0ZSI6MTIwMDAwMDAwMDAwMH0sInNjaGVtYV92ZXJzaW9uIjoiMSJ9",
          "dependencies": [
            "aws_vpc.demovpc"
          ]
        }
      ]
    },
    {
      "mode": "managed",
      "type": "aws_subnet",
      "name": "public_subnets",
      "provider": "provider[\"registry.terraform.io/hashicorp/aws\"]",
      "instances": [
        {
          "index_key": 0,
          "schema_version": 1,
          "attributes": {
            "arn": "arn:aws:ec2:ap-southeast-1:816058150320:subnet/subnet-0690d5ae18043c7f5",
            "assign_ipv6_address_on_creation": false,
            "availability_zone": "ap-southeast-1a",
            "availability_zone_id": "apse1-az2",
            "cidr_block": "192.168.1.0/24",
            "customer_owned_ipv4_pool": "",
            "enable_dns64": false,
            "enable_lni_at_device_index": 0,
            "enable_resource_name_dns_a_record_on_launch": false,
            "enable_resource_name_dns_aaaa_record_on_launch": false,
            "id": "subnet-0690d5ae18043c7f5",
            "ipv6_cidr_block": "",
            "ipv6_cidr_block_association_id": "",
            "ipv6_native": false,
            "map_customer_owned_ip_on_launch": false,
            "map_public_ip_on_launch": false,
            "outpost_arn": "",
            "owner_id": "816058150320",
            "private_dns_hostname_type_on_launch": "ip-name",
            "tags": {
              "Name": "Public Subnet 1"
            },
            "tags_all": {
              "Name": "Public Subnet 1"
            },
            "timeouts": null,
            "vpc_id": "vpc-0a693aea7e5e24da7"
          },
          "sensitive_attributes": [],
          "private": "eyJlMmJmYjczMC1lY2FhLTExZTYtOGY4OC0zNDM2M2JjN2M0YzAiOnsiY3JlYXRlIjo2MDAwMDAwMDAwMDAsImRlbGV0ZSI6MTIwMDAwMDAwMDAwMH0sInNjaGVtYV92ZXJzaW9uIjoiMSJ9",
          "dependencies": [
            "aws_vpc.demovpc"
          ]
        },
        {
          "index_key": 1,
          "schema_version": 1,
          "attributes": {
            "arn": "arn:aws:ec2:ap-southeast-1:816058150320:subnet/subnet-01bb969c075500445",
            "assign_ipv6_address_on_creation": false,
            "availability_zone": "ap-southeast-1b",
            "availability_zone_id": "apse1-az1",
            "cidr_block": "192.168.2.0/24",
            "customer_owned_ipv4_pool": "",
            "enable_dns64": false,
            "enable_lni_at_device_index": 0,
            "enable_resource_name_dns_a_record_on_launch": false,
            "enable_resource_name_dns_aaaa_record_on_launch": false,
            "id": "subnet-01bb969c075500445",
            "ipv6_cidr_block": "",
            "ipv6_cidr_block_association_id": "",
            "ipv6_native": false,
            "map_customer_owned_ip_on_launch": false,
            "map_public_ip_on_launch": false,
            "outpost_arn": "",
            "owner_id": "816058150320",
            "private_dns_hostname_type_on_launch": "ip-name",
            "tags": {
              "Name": "Public Subnet 2"
            },
            "tags_all": {
              "Name": "Public Subnet 2"
            },
            "timeouts": null,
            "vpc_id": "vpc-0a693aea7e5e24da7"
          },
          "sensitive_attributes": [],
          "private": "eyJlMmJmYjczMC1lY2FhLTExZTYtOGY4OC0zNDM2M2JjN2M0YzAiOnsiY3JlYXRlIjo2MDAwMDAwMDAwMDAsImRlbGV0ZSI6MTIwMDAwMDAwMDAwMH0sInNjaGVtYV92ZXJzaW9uIjoiMSJ9",
          "dependencies": [
            "aws_vpc.demovpc"
          ]
        }
      ]
    },
    {
      "mode": "managed",
      "type": "aws_vpc",
      "name": "demovpc",
      "provider": "provider[\"registry.terraform.io/hashicorp/aws\"]",
      "instances": [
        {
          "schema_version": 1,
          "attributes": {
            "arn": "arn:aws:ec2:ap-southeast-1:816058150320:vpc/vpc-0a693aea7e5e24da7",
            "assign_generated_ipv6_cidr_block": false,
            "cidr_block": "192.168.0.0/16",
            "default_network_acl_id": "acl-087aadaca0504fb8f",
            "default_route_table_id": "rtb-047ce24b330473570",
            "default_security_group_id": "sg-0ed353e7f65cf909c",
            "dhcp_options_id": "dopt-047c0adec9db5071d",
            "enable_dns_hostnames": true,
            "enable_dns_support": true,
            "enable_network_address_usage_metrics": false,
            "id": "vpc-0a693aea7e5e24da7",
            "instance_tenancy": "default",
            "ipv4_ipam_pool_id": null,
            "ipv4_netmask_length": null,
            "ipv6_association_id": "",
            "ipv6_cidr_block": "",
            "ipv6_cidr_block_network_border_group": "",
            "ipv6_ipam_pool_id": "",
            "ipv6_netmask_length": 0,
            "main_route_table_id": "rtb-047ce24b330473570",
            "owner_id": "816058150320",
            "tags": {
              "Name": "Demovpc"
            },
            "tags_all": {
              "Name": "Demovpc"
            }
          },
          "sensitive_attributes": [],
          "private": "eyJzY2hlbWFfdmVyc2lvbiI6IjEifQ=="
        }
      ]
    },
    {
      "mode": "managed",
      "type": "local_file",
      "name": "tf-key",
      "provider": "provider[\"registry.terraform.io/hashicorp/local\"]",
      "instances": [
        {
          "schema_version": 0,
          "attributes": {
            "content": "-----BEGIN RSA PRIVATE KEY-----\nMIIJKgIBAAKCAgEAvgYbLMWOhDmWZHUrDLY1Qn9Tv49UzBUMBjUq6xtpW44II/Mw\nX/lHkpYLR/eLLnRHhLBLZ6AdW4UE6ApL29eO13LT1m+tvGIQLstAZKGM5e5oIy5V\nuGzKrLrdPUBaA4GqfnBG5YM2QeVPJdgOoUcMp3S+y1HNPqpYGwFX6KXb5IO1EX8M\nrZL23exa6m7qprYnzJmNUaT+O8KqiRrUPttQBitqywQ/uxzELSpFC+PxwwM6JudA\nLl5N7MT+l4ttKhZcciyX6os8D0HgLurR+FYlWvkt4ycT2UVAtBrzKZxO15PzuGsA\nz7Lu/yXD/MHnYwPW13nAYpiephf+HZd2zmaMgNNJELfIDj8Kn2fuRZdPXOYWEG31\nNsw0E7M4pX1x78y35g8gjC8g3FRaQQ9bUdNMrvDNYPV6rr+Cl1jFj6dppptM2dZl\nkg8D+fUSS4Vmv9ONKj9Jpv3y5+8RNPCOqUl5rvUv9QS619Co0o55q7hLXrkeHULJ\nRfRdjlTZgaNuUs+3tMQ5YWVfykgNlUoxNuF3FjaR0O2ZZbGcnbYtWIxMP+3XUdgr\ndk8a/P5kmgT+1eYp5Eu2QPHMbh/Lyuxvv7fo6nPJDWcIWBgmjxcaeM+n3hQwmBWr\nBbBYRI1bMDwlt6ZFBMEipu6sFvuXDbjVN0jG+tO8yhBYuBdFtt6iqdVDXaECAwEA\nAQKCAgEAsbK4Gugr3A6WSx8ewOZra+HyCUMaAzbzZaK2neGmZs2tYyD57eYJPlU9\n+3DMIQbwEm9iNGeQzJLaAbwPMGil1Wg2HWOWToJNq9S6ROCmCCcoDy43Tx29ckXU\nuoDBLGJHc7G/OsW3KWws1bD0DXGJrdcIzM2UZ7OYbLiW4qKnvUxFOTVcP70dSm7K\nnkxW9suE8Fnvw5fNf0kNfOUv8g/ZB8v2NB+nEW1XLv1GUFY7MSiFavf6FuJtcKrP\nghwKW79JeCOndNf7tDDgWj+RVvAIQsieVrumXhna5hIFrrXTLNnYom699XzY7pT8\ncBNMNFXUxO/ALvOV+LCbHEUV/vH7FKhhDvqHG6rwAv9DV5Wce5CfGq/blzAZA20S\nXecvkfWE2ziNGu07vaVajM/DJg2u5AmuxFNsDzK2YDKKLM+RZdE0XwbW7hyKX06/\nRrRUP+EWka/3RRVKsreRmPuE/ab2rawd6d3mTSpGoc3jOKXZzD0rkvHCgg239zZ8\n4CGaGLF7uP29/NrnUKyJC19kTPTvM5GY7J+BMV2i7JweK5dIV+BXvSD7/EhkYHvb\nFumB92G0RM8Uquag16DVid7brnpF4EBgMkvO7i+Y0WIE+ac6szHNIF0S+QlR0OGR\nUhNAfHEErajD7gZjbrjW0Ogh7r5EXvaAWuKZMxIozQwvFclQ9IECggEBAOjp8jba\nfLo2ALjOcqAv2ibJArOKWR666fqGo8aGp5vDjVYsv+AViCIuKRWHVMXurrHKrIMF\ndVw0SzT5fPexTY5Y4brz9mi79TYSlEUBkU40LwaYl1p5xQXUvxS5MqiJ1EdC+6Jh\nQvCuRrw0V46VDeSIp7gDcYa05UyaWv6ScJ+GzlVFKFAlQwlE0klOveQT+5aR6UzP\nnKN831wqD6kA0P9tqJAClFVpYmtmlVdstM9Lzro20dvRxx5eyTd34F1ijZT+t0Ru\n4LShEgiERFhdYO6TgaCGcTlUfts4sjDg8hPATgdnS7R5qQWdaVZkAFwqj/VcAKHA\n1ByefxK/T5L+fikCggEBANDb2eRG0x3Olp3r4+/uBgFHvkIhpy8bD/tJwgxpGdZQ\nyJSPTGDccwsy4Gst1MOx/NXPaNtaQQU/Mov/mtht+w3c4qX7ndt2bVqHKFhRYZfk\nZw5hsOx/scbBu9rBmbM5GhF8O7nrMSwv7f2CHLpUxVfp7cEnLLC377Uc6Z0wUacY\nfKmFj028ePGAATdFuE06buy03aSXFod8PbVJ0jFQxFFFPSQhpILrFf2rdUhjd4hJ\nXiDALfvjySAytSWNZEUx5hz8byofHjitMTjEFoX+Nmrk7wy1edr2Mhp8tAsspVob\nDfAnP515HENlac8LVsDSVK82cy/V7kY1tBIL9ntq4rkCggEBANKmAzIpGHUxMiXy\nUSkfHiXF1nOaxE9OrR6vdp+uWRg/HCy7/C0mTCDdrrqR0tHQtJ6Hts4ouaPSh9I5\nchRyfronGMCEtG60z2lAFGj0qf4YpA9LIlfpmY9Ughy0AmT7gsmQgxSw8mHKvJ6q\nmCWUGSR/k3CRbLNwF5HYaEOlHcapnSLxkSwrBx3y6Fz0ojkM+ZWMEXwuqHQUE86/\nG7q1yk+5VaIpMw6saR7JgHe5ES4KWcWAnvw4FeYZw9Iu0PSklXgThpyVyxSSOEUL\nmuRwT6J2Nd6AuRYonTKXbFFYoJfMbMW1XnqzLXKukv5XIxw4QkqeEtQ4GZ5omnTS\nIZ3IHUECggEAOUWAG1O8gnjq3kUYDOvVI7a7mkDGKmmeWUbheiu71QPz7KDazdjF\nhzWdSmaX6E2/ShYE59l46Opqfu9JU73c0PFYCTHVGKAB3ogfbRBr1Y3hIJVzQXbG\nlfz7+UGLVxT6a/8IFbRDmJ1QAmsSW5nxP2k7M/L9Ezxs89oIyXy9dzeEv6uLH0Lm\nWzrBmpl4r1ytnCUAfiicGezcswCaLcG7A5ob6PN8vBWgwx2oHICB/5I2yH5KXb8Z\noMWm3LRH4Z2MPziNdxxvWhVL4QgMMRQDcg5y6qY80ukd1huJ92J3uRygFtF8ZT8X\nm/eMKyUt1dQXOrCQp3ZfT0tcpHI5VaB6qQKCAQEAwGMIIHBSaCfKICJVPuMlRamR\n55Hy3lYrRo9U8tE2780CbSdtN0GC9cosnXZTS190s46YoHU7y1pkfhmY9SKndKL2\nQ2K8JnAFbxwgsz/g89/aU+4SBMPpYtI6B3Lc7WoBpOMmf3twhqOB/7fWkScxiUki\n/yW82CUz3jyKysYs1N5/kxqZkgc4vUEgpq++y4b7gtABn/EnhC2x1y/7bdig5Nak\ngsKnjnuxA5QBqW6JgsTZP/KYlWnkVOkaK5bSBvB9+jKZo80Uob8CHl5dz1eHlczM\niSJFNyf9iqdAS4yMBmnW29hyltBPOocODSXexUfWJ6GP3cKbzsRz1Pt3ePK0SQ==\n-----END RSA PRIVATE KEY-----\n",
            "content_base64": null,
            "content_base64sha256": "+jhgvdktbwJYuCfbPVFcKeO0/b/8INT6EKRFYlZbtjo=",
            "content_base64sha512": "bTbfFdw4QxnEuQB0rTZu6ZiIFr5VGxcFzBQRGNlJAI4xKuunKDe8Dy7wXq4iUN5rD9EpNvdIfb3jN7FVCL0sGw==",
            "content_md5": "f7b47f37102537d279629f634aed5656",
            "content_sha1": "9884d9fc0b9f7a3b9f59cdb63ea57585e45da92d",
            "content_sha256": "fa3860bdd92d6f0258b827db3d515c29e3b4fdbffc20d4fa10a44562565bb63a",
            "content_sha512": "6d36df15dc384319c4b90074ad366ee9988816be551b1705cc141118d949008e312aeba72837bc0f2ef05eae2250de6b0fd12936f7487dbde337b15508bd2c1b",
            "directory_permission": "0777",
            "file_permission": "0777",
            "filename": "tf-key-pair",
            "id": "9884d9fc0b9f7a3b9f59cdb63ea57585e45da92d",
            "sensitive_content": null,
            "source": null
          },
          "sensitive_attributes": [
            [
              {
                "type": "get_attr",
                "value": "content"
              }
            ]
          ],
          "dependencies": [
            "tls_private_key.rsa"
          ]
        }
      ]
    },
    {
      "mode": "managed",
      "type": "tls_private_key",
      "name": "rsa",
      "provider": "provider[\"registry.terraform.io/hashicorp/tls\"]",
      "instances": [
        {
          "schema_version": 1,
          "attributes": {
            "algorithm": "RSA",
            "ecdsa_curve": "P224",
            "id": "8ce28a5a2645444ed162bbe400b032ecf898ac37",
            "private_key_openssh": "-----BEGIN OPENSSH PRIVATE KEY-----\nb3BlbnNzaC1rZXktdjEAAAAABG5vbmUAAAAEbm9uZQAAAAAAAAABAAACFwAAAAdz\nc2gtcnNhAAAAAwEAAQAAAgEAvgYbLMWOhDmWZHUrDLY1Qn9Tv49UzBUMBjUq6xtp\nW44II/MwX/lHkpYLR/eLLnRHhLBLZ6AdW4UE6ApL29eO13LT1m+tvGIQLstAZKGM\n5e5oIy5VuGzKrLrdPUBaA4GqfnBG5YM2QeVPJdgOoUcMp3S+y1HNPqpYGwFX6KXb\n5IO1EX8MrZL23exa6m7qprYnzJmNUaT+O8KqiRrUPttQBitqywQ/uxzELSpFC+Px\nwwM6JudALl5N7MT+l4ttKhZcciyX6os8D0HgLurR+FYlWvkt4ycT2UVAtBrzKZxO\n15PzuGsAz7Lu/yXD/MHnYwPW13nAYpiephf+HZd2zmaMgNNJELfIDj8Kn2fuRZdP\nXOYWEG31Nsw0E7M4pX1x78y35g8gjC8g3FRaQQ9bUdNMrvDNYPV6rr+Cl1jFj6dp\npptM2dZlkg8D+fUSS4Vmv9ONKj9Jpv3y5+8RNPCOqUl5rvUv9QS619Co0o55q7hL\nXrkeHULJRfRdjlTZgaNuUs+3tMQ5YWVfykgNlUoxNuF3FjaR0O2ZZbGcnbYtWIxM\nP+3XUdgrdk8a/P5kmgT+1eYp5Eu2QPHMbh/Lyuxvv7fo6nPJDWcIWBgmjxcaeM+n\n3hQwmBWrBbBYRI1bMDwlt6ZFBMEipu6sFvuXDbjVN0jG+tO8yhBYuBdFtt6iqdVD\nXaEAAAc4f/dKmX/3SpkAAAAHc3NoLXJzYQAAAgEAvgYbLMWOhDmWZHUrDLY1Qn9T\nv49UzBUMBjUq6xtpW44II/MwX/lHkpYLR/eLLnRHhLBLZ6AdW4UE6ApL29eO13LT\n1m+tvGIQLstAZKGM5e5oIy5VuGzKrLrdPUBaA4GqfnBG5YM2QeVPJdgOoUcMp3S+\ny1HNPqpYGwFX6KXb5IO1EX8MrZL23exa6m7qprYnzJmNUaT+O8KqiRrUPttQBitq\nywQ/uxzELSpFC+PxwwM6JudALl5N7MT+l4ttKhZcciyX6os8D0HgLurR+FYlWvkt\n4ycT2UVAtBrzKZxO15PzuGsAz7Lu/yXD/MHnYwPW13nAYpiephf+HZd2zmaMgNNJ\nELfIDj8Kn2fuRZdPXOYWEG31Nsw0E7M4pX1x78y35g8gjC8g3FRaQQ9bUdNMrvDN\nYPV6rr+Cl1jFj6dppptM2dZlkg8D+fUSS4Vmv9ONKj9Jpv3y5+8RNPCOqUl5rvUv\n9QS619Co0o55q7hLXrkeHULJRfRdjlTZgaNuUs+3tMQ5YWVfykgNlUoxNuF3FjaR\n0O2ZZbGcnbYtWIxMP+3XUdgrdk8a/P5kmgT+1eYp5Eu2QPHMbh/Lyuxvv7fo6nPJ\nDWcIWBgmjxcaeM+n3hQwmBWrBbBYRI1bMDwlt6ZFBMEipu6sFvuXDbjVN0jG+tO8\nyhBYuBdFtt6iqdVDXaEAAAADAQABAAACAQCxsrga6CvcDpZLHx7A5mtr4fIJQxoD\nNvNlorad4aZmza1jIPnt5gk+VT37cMwhBvASb2I0Z5DMktoBvA8waKXVaDYdY5ZO\ngk2r1LpE4KYIJygPLjdPHb1yRdS6gMEsYkdzsb86xbcpbCzVsPQNcYmt1wjMzZRn\ns5hsuJbioqe9TEU5NVw/vR1KbsqeTFb2y4TwWe/Dl81/SQ185S/yD9kHy/Y0H6cR\nbVcu/UZQVjsxKIVq9/oW4m1wqs+CHApbv0l4I6d01/u0MOBaP5FW8AhCyJ5Wu6Ze\nGdrmEgWutdMs2diibr31fNjulPxwE0w0VdTE78Au85X4sJscRRX+8fsUqGEO+ocb\nqvAC/0NXlZx7kJ8ar9uXMBkDbRJd5y+R9YTbOI0a7Tu9pVqMz8MmDa7kCa7EU2wP\nMrZgMoosz5Fl0TRfBtbuHIpfTr9GtFQ/4RaRr/dFFUqyt5GY+4T9pvatrB3p3eZN\nKkahzeM4pdnMPSuS8cKCDbf3NnzgIZoYsXu4/b382udQrIkLX2RM9O8zkZjsn4Ex\nXaLsnB4rl0hX4Fe9IPv8SGRge9sW6YH3YbREzxSq5qDXoNWJ3tuuekXgQGAyS87u\nL5jRYgT5pzqzMc0gXRL5CVHQ4ZFSE0B8cQStqMPuBmNuuNbQ6CHuvkRe9oBa4pkz\nEijNDC8VyVD0gQAAAQEAwGMIIHBSaCfKICJVPuMlRamR55Hy3lYrRo9U8tE2780C\nbSdtN0GC9cosnXZTS190s46YoHU7y1pkfhmY9SKndKL2Q2K8JnAFbxwgsz/g89/a\nU+4SBMPpYtI6B3Lc7WoBpOMmf3twhqOB/7fWkScxiUki/yW82CUz3jyKysYs1N5/\nkxqZkgc4vUEgpq++y4b7gtABn/EnhC2x1y/7bdig5NakgsKnjnuxA5QBqW6JgsTZ\nP/KYlWnkVOkaK5bSBvB9+jKZo80Uob8CHl5dz1eHlczMiSJFNyf9iqdAS4yMBmnW\n29hyltBPOocODSXexUfWJ6GP3cKbzsRz1Pt3ePK0SQAAAQEA6OnyNtp8ujYAuM5y\noC/aJskCs4pZHrrp+oajxoanm8ONViy/4BWIIi4pFYdUxe6uscqsgwV1XDRLNPl8\n97FNjljhuvP2aLv1NhKURQGRTjQvBpiXWnnFBdS/FLkyqInUR0L7omFC8K5GvDRX\njpUN5IinuANxhrTlTJpa/pJwn4bOVUUoUCVDCUTSSU695BP7lpHpTM+co3zfXCoP\nqQDQ/22okAKUVWlia2aVV2y0z0vOujbR29HHHl7JN3fgXWKNlP63RG7gtKESCIRE\nWF1g7pOBoIZxOVR+2ziyMODyE8BOB2dLtHmpBZ1pVmQAXCqP9VwAocDUHJ5/Er9P\nkv5+KQAAAQEA0NvZ5EbTHc6Wnevj7+4GAUe+QiGnLxsP+0nCDGkZ1lDIlI9MYNxz\nCzLgay3Uw7H81c9o21pBBT8yi/+a2G37Ddzipfud23ZtWocoWFFhl+RnDmGw7H+x\nxsG72sGZszkaEXw7uesxLC/t/YIculTFV+ntwScssLfvtRzpnTBRpxh8qYWPTbx4\n8YABN0W4TTpu7LTdpJcWh3w9tUnSMVDEUUU9JCGkgusV/at1SGN3iEleIMAt++PJ\nIDK1JY1kRTHmHPxvKh8eOK0xOMQWhf42auTvDLV52vYyGny0CyylWhsN8Cc/nXkc\nQ2VpzwtWwNJUrzZzL9XuRjW0Egv2e2riuQAAAAAB\n-----END OPENSSH PRIVATE KEY-----\n",
            "private_key_pem": "-----BEGIN RSA PRIVATE KEY-----\nMIIJKgIBAAKCAgEAvgYbLMWOhDmWZHUrDLY1Qn9Tv49UzBUMBjUq6xtpW44II/Mw\nX/lHkpYLR/eLLnRHhLBLZ6AdW4UE6ApL29eO13LT1m+tvGIQLstAZKGM5e5oIy5V\nuGzKrLrdPUBaA4GqfnBG5YM2QeVPJdgOoUcMp3S+y1HNPqpYGwFX6KXb5IO1EX8M\nrZL23exa6m7qprYnzJmNUaT+O8KqiRrUPttQBitqywQ/uxzELSpFC+PxwwM6JudA\nLl5N7MT+l4ttKhZcciyX6os8D0HgLurR+FYlWvkt4ycT2UVAtBrzKZxO15PzuGsA\nz7Lu/yXD/MHnYwPW13nAYpiephf+HZd2zmaMgNNJELfIDj8Kn2fuRZdPXOYWEG31\nNsw0E7M4pX1x78y35g8gjC8g3FRaQQ9bUdNMrvDNYPV6rr+Cl1jFj6dppptM2dZl\nkg8D+fUSS4Vmv9ONKj9Jpv3y5+8RNPCOqUl5rvUv9QS619Co0o55q7hLXrkeHULJ\nRfRdjlTZgaNuUs+3tMQ5YWVfykgNlUoxNuF3FjaR0O2ZZbGcnbYtWIxMP+3XUdgr\ndk8a/P5kmgT+1eYp5Eu2QPHMbh/Lyuxvv7fo6nPJDWcIWBgmjxcaeM+n3hQwmBWr\nBbBYRI1bMDwlt6ZFBMEipu6sFvuXDbjVN0jG+tO8yhBYuBdFtt6iqdVDXaECAwEA\nAQKCAgEAsbK4Gugr3A6WSx8ewOZra+HyCUMaAzbzZaK2neGmZs2tYyD57eYJPlU9\n+3DMIQbwEm9iNGeQzJLaAbwPMGil1Wg2HWOWToJNq9S6ROCmCCcoDy43Tx29ckXU\nuoDBLGJHc7G/OsW3KWws1bD0DXGJrdcIzM2UZ7OYbLiW4qKnvUxFOTVcP70dSm7K\nnkxW9suE8Fnvw5fNf0kNfOUv8g/ZB8v2NB+nEW1XLv1GUFY7MSiFavf6FuJtcKrP\nghwKW79JeCOndNf7tDDgWj+RVvAIQsieVrumXhna5hIFrrXTLNnYom699XzY7pT8\ncBNMNFXUxO/ALvOV+LCbHEUV/vH7FKhhDvqHG6rwAv9DV5Wce5CfGq/blzAZA20S\nXecvkfWE2ziNGu07vaVajM/DJg2u5AmuxFNsDzK2YDKKLM+RZdE0XwbW7hyKX06/\nRrRUP+EWka/3RRVKsreRmPuE/ab2rawd6d3mTSpGoc3jOKXZzD0rkvHCgg239zZ8\n4CGaGLF7uP29/NrnUKyJC19kTPTvM5GY7J+BMV2i7JweK5dIV+BXvSD7/EhkYHvb\nFumB92G0RM8Uquag16DVid7brnpF4EBgMkvO7i+Y0WIE+ac6szHNIF0S+QlR0OGR\nUhNAfHEErajD7gZjbrjW0Ogh7r5EXvaAWuKZMxIozQwvFclQ9IECggEBAOjp8jba\nfLo2ALjOcqAv2ibJArOKWR666fqGo8aGp5vDjVYsv+AViCIuKRWHVMXurrHKrIMF\ndVw0SzT5fPexTY5Y4brz9mi79TYSlEUBkU40LwaYl1p5xQXUvxS5MqiJ1EdC+6Jh\nQvCuRrw0V46VDeSIp7gDcYa05UyaWv6ScJ+GzlVFKFAlQwlE0klOveQT+5aR6UzP\nnKN831wqD6kA0P9tqJAClFVpYmtmlVdstM9Lzro20dvRxx5eyTd34F1ijZT+t0Ru\n4LShEgiERFhdYO6TgaCGcTlUfts4sjDg8hPATgdnS7R5qQWdaVZkAFwqj/VcAKHA\n1ByefxK/T5L+fikCggEBANDb2eRG0x3Olp3r4+/uBgFHvkIhpy8bD/tJwgxpGdZQ\nyJSPTGDccwsy4Gst1MOx/NXPaNtaQQU/Mov/mtht+w3c4qX7ndt2bVqHKFhRYZfk\nZw5hsOx/scbBu9rBmbM5GhF8O7nrMSwv7f2CHLpUxVfp7cEnLLC377Uc6Z0wUacY\nfKmFj028ePGAATdFuE06buy03aSXFod8PbVJ0jFQxFFFPSQhpILrFf2rdUhjd4hJ\nXiDALfvjySAytSWNZEUx5hz8byofHjitMTjEFoX+Nmrk7wy1edr2Mhp8tAsspVob\nDfAnP515HENlac8LVsDSVK82cy/V7kY1tBIL9ntq4rkCggEBANKmAzIpGHUxMiXy\nUSkfHiXF1nOaxE9OrR6vdp+uWRg/HCy7/C0mTCDdrrqR0tHQtJ6Hts4ouaPSh9I5\nchRyfronGMCEtG60z2lAFGj0qf4YpA9LIlfpmY9Ughy0AmT7gsmQgxSw8mHKvJ6q\nmCWUGSR/k3CRbLNwF5HYaEOlHcapnSLxkSwrBx3y6Fz0ojkM+ZWMEXwuqHQUE86/\nG7q1yk+5VaIpMw6saR7JgHe5ES4KWcWAnvw4FeYZw9Iu0PSklXgThpyVyxSSOEUL\nmuRwT6J2Nd6AuRYonTKXbFFYoJfMbMW1XnqzLXKukv5XIxw4QkqeEtQ4GZ5omnTS\nIZ3IHUECggEAOUWAG1O8gnjq3kUYDOvVI7a7mkDGKmmeWUbheiu71QPz7KDazdjF\nhzWdSmaX6E2/ShYE59l46Opqfu9JU73c0PFYCTHVGKAB3ogfbRBr1Y3hIJVzQXbG\nlfz7+UGLVxT6a/8IFbRDmJ1QAmsSW5nxP2k7M/L9Ezxs89oIyXy9dzeEv6uLH0Lm\nWzrBmpl4r1ytnCUAfiicGezcswCaLcG7A5ob6PN8vBWgwx2oHICB/5I2yH5KXb8Z\noMWm3LRH4Z2MPziNdxxvWhVL4QgMMRQDcg5y6qY80ukd1huJ92J3uRygFtF8ZT8X\nm/eMKyUt1dQXOrCQp3ZfT0tcpHI5VaB6qQKCAQEAwGMIIHBSaCfKICJVPuMlRamR\n55Hy3lYrRo9U8tE2780CbSdtN0GC9cosnXZTS190s46YoHU7y1pkfhmY9SKndKL2\nQ2K8JnAFbxwgsz/g89/aU+4SBMPpYtI6B3Lc7WoBpOMmf3twhqOB/7fWkScxiUki\n/yW82CUz3jyKysYs1N5/kxqZkgc4vUEgpq++y4b7gtABn/EnhC2x1y/7bdig5Nak\ngsKnjnuxA5QBqW6JgsTZP/KYlWnkVOkaK5bSBvB9+jKZo80Uob8CHl5dz1eHlczM\niSJFNyf9iqdAS4yMBmnW29hyltBPOocODSXexUfWJ6GP3cKbzsRz1Pt3ePK0SQ==\n-----END RSA PRIVATE KEY-----\n",
            "private_key_pem_pkcs8": "-----BEGIN PRIVATE KEY-----\nMIIJRAIBADANBgkqhkiG9w0BAQEFAASCCS4wggkqAgEAAoICAQC+BhssxY6EOZZk\ndSsMtjVCf1O/j1TMFQwGNSrrG2lbjggj8zBf+UeSlgtH94sudEeEsEtnoB1bhQTo\nCkvb147XctPWb628YhAuy0BkoYzl7mgjLlW4bMqsut09QFoDgap+cEblgzZB5U8l\n2A6hRwyndL7LUc0+qlgbAVfopdvkg7URfwytkvbd7FrqbuqmtifMmY1RpP47wqqJ\nGtQ+21AGK2rLBD+7HMQtKkUL4/HDAzom50AuXk3sxP6Xi20qFlxyLJfqizwPQeAu\n6tH4ViVa+S3jJxPZRUC0GvMpnE7Xk/O4awDPsu7/JcP8wedjA9bXecBimJ6mF/4d\nl3bOZoyA00kQt8gOPwqfZ+5Fl09c5hYQbfU2zDQTszilfXHvzLfmDyCMLyDcVFpB\nD1tR00yu8M1g9Xquv4KXWMWPp2mmm0zZ1mWSDwP59RJLhWa/040qP0mm/fLn7xE0\n8I6pSXmu9S/1BLrX0KjSjnmruEteuR4dQslF9F2OVNmBo25Sz7e0xDlhZV/KSA2V\nSjE24XcWNpHQ7ZllsZydti1YjEw/7ddR2Ct2Txr8/mSaBP7V5inkS7ZA8cxuH8vK\n7G+/t+jqc8kNZwhYGCaPFxp4z6feFDCYFasFsFhEjVswPCW3pkUEwSKm7qwW+5cN\nuNU3SMb607zKEFi4F0W23qKp1UNdoQIDAQABAoICAQCxsrga6CvcDpZLHx7A5mtr\n4fIJQxoDNvNlorad4aZmza1jIPnt5gk+VT37cMwhBvASb2I0Z5DMktoBvA8waKXV\naDYdY5ZOgk2r1LpE4KYIJygPLjdPHb1yRdS6gMEsYkdzsb86xbcpbCzVsPQNcYmt\n1wjMzZRns5hsuJbioqe9TEU5NVw/vR1KbsqeTFb2y4TwWe/Dl81/SQ185S/yD9kH\ny/Y0H6cRbVcu/UZQVjsxKIVq9/oW4m1wqs+CHApbv0l4I6d01/u0MOBaP5FW8AhC\nyJ5Wu6ZeGdrmEgWutdMs2diibr31fNjulPxwE0w0VdTE78Au85X4sJscRRX+8fsU\nqGEO+ocbqvAC/0NXlZx7kJ8ar9uXMBkDbRJd5y+R9YTbOI0a7Tu9pVqMz8MmDa7k\nCa7EU2wPMrZgMoosz5Fl0TRfBtbuHIpfTr9GtFQ/4RaRr/dFFUqyt5GY+4T9pvat\nrB3p3eZNKkahzeM4pdnMPSuS8cKCDbf3NnzgIZoYsXu4/b382udQrIkLX2RM9O8z\nkZjsn4ExXaLsnB4rl0hX4Fe9IPv8SGRge9sW6YH3YbREzxSq5qDXoNWJ3tuuekXg\nQGAyS87uL5jRYgT5pzqzMc0gXRL5CVHQ4ZFSE0B8cQStqMPuBmNuuNbQ6CHuvkRe\n9oBa4pkzEijNDC8VyVD0gQKCAQEA6OnyNtp8ujYAuM5yoC/aJskCs4pZHrrp+oaj\nxoanm8ONViy/4BWIIi4pFYdUxe6uscqsgwV1XDRLNPl897FNjljhuvP2aLv1NhKU\nRQGRTjQvBpiXWnnFBdS/FLkyqInUR0L7omFC8K5GvDRXjpUN5IinuANxhrTlTJpa\n/pJwn4bOVUUoUCVDCUTSSU695BP7lpHpTM+co3zfXCoPqQDQ/22okAKUVWlia2aV\nV2y0z0vOujbR29HHHl7JN3fgXWKNlP63RG7gtKESCIREWF1g7pOBoIZxOVR+2ziy\nMODyE8BOB2dLtHmpBZ1pVmQAXCqP9VwAocDUHJ5/Er9Pkv5+KQKCAQEA0NvZ5EbT\nHc6Wnevj7+4GAUe+QiGnLxsP+0nCDGkZ1lDIlI9MYNxzCzLgay3Uw7H81c9o21pB\nBT8yi/+a2G37Ddzipfud23ZtWocoWFFhl+RnDmGw7H+xxsG72sGZszkaEXw7uesx\nLC/t/YIculTFV+ntwScssLfvtRzpnTBRpxh8qYWPTbx48YABN0W4TTpu7LTdpJcW\nh3w9tUnSMVDEUUU9JCGkgusV/at1SGN3iEleIMAt++PJIDK1JY1kRTHmHPxvKh8e\nOK0xOMQWhf42auTvDLV52vYyGny0CyylWhsN8Cc/nXkcQ2VpzwtWwNJUrzZzL9Xu\nRjW0Egv2e2riuQKCAQEA0qYDMikYdTEyJfJRKR8eJcXWc5rET06tHq92n65ZGD8c\nLLv8LSZMIN2uupHS0dC0noe2zii5o9KH0jlyFHJ+uicYwIS0brTPaUAUaPSp/hik\nD0siV+mZj1SCHLQCZPuCyZCDFLDyYcq8nqqYJZQZJH+TcJFss3AXkdhoQ6Udxqmd\nIvGRLCsHHfLoXPSiOQz5lYwRfC6odBQTzr8burXKT7lVoikzDqxpHsmAd7kRLgpZ\nxYCe/DgV5hnD0i7Q9KSVeBOGnJXLFJI4RQua5HBPonY13oC5FiidMpdsUVigl8xs\nxbVeerMtcq6S/lcjHDhCSp4S1DgZnmiadNIhncgdQQKCAQA5RYAbU7yCeOreRRgM\n69UjtruaQMYqaZ5ZRuF6K7vVA/PsoNrN2MWHNZ1KZpfoTb9KFgTn2Xjo6mp+70lT\nvdzQ8VgJMdUYoAHeiB9tEGvVjeEglXNBdsaV/Pv5QYtXFPpr/wgVtEOYnVACaxJb\nmfE/aTsz8v0TPGzz2gjJfL13N4S/q4sfQuZbOsGamXivXK2cJQB+KJwZ7NyzAJot\nwbsDmhvo83y8FaDDHagcgIH/kjbIfkpdvxmgxabctEfhnYw/OI13HG9aFUvhCAwx\nFANyDnLqpjzS6R3WG4n3Yne5HKAW0XxlPxeb94wrJS3V1Bc6sJCndl9PS1ykcjlV\noHqpAoIBAQDAYwggcFJoJ8ogIlU+4yVFqZHnkfLeVitGj1Ty0TbvzQJtJ203QYL1\nyiyddlNLX3SzjpigdTvLWmR+GZj1Iqd0ovZDYrwmcAVvHCCzP+Dz39pT7hIEw+li\n0joHctztagGk4yZ/e3CGo4H/t9aRJzGJSSL/JbzYJTPePIrKxizU3n+TGpmSBzi9\nQSCmr77LhvuC0AGf8SeELbHXL/tt2KDk1qSCwqeOe7EDlAGpbomCxNk/8piVaeRU\n6RorltIG8H36MpmjzRShvwIeXl3PV4eVzMyJIkU3J/2Kp0BLjIwGadbb2HKW0E86\nhw4NJd7FR9YnoY/dwpvOxHPU+3d48rRJ\n-----END PRIVATE KEY-----\n",
            "public_key_fingerprint_md5": "86:92:28:ef:07:4c:c0:f6:59:f8:a2:b1:76:29:d1:cc",
            "public_key_fingerprint_sha256": "SHA256:uU0CxxfbNuvqPWqG8/LSzuC8Fo627qjBQ5HwwZDia5k",
            "public_key_openssh": "ssh-rsa AAAAB3NzaC1yc2EAAAADAQABAAACAQC+BhssxY6EOZZkdSsMtjVCf1O/j1TMFQwGNSrrG2lbjggj8zBf+UeSlgtH94sudEeEsEtnoB1bhQToCkvb147XctPWb628YhAuy0BkoYzl7mgjLlW4bMqsut09QFoDgap+cEblgzZB5U8l2A6hRwyndL7LUc0+qlgbAVfopdvkg7URfwytkvbd7FrqbuqmtifMmY1RpP47wqqJGtQ+21AGK2rLBD+7HMQtKkUL4/HDAzom50AuXk3sxP6Xi20qFlxyLJfqizwPQeAu6tH4ViVa+S3jJxPZRUC0GvMpnE7Xk/O4awDPsu7/JcP8wedjA9bXecBimJ6mF/4dl3bOZoyA00kQt8gOPwqfZ+5Fl09c5hYQbfU2zDQTszilfXHvzLfmDyCMLyDcVFpBD1tR00yu8M1g9Xquv4KXWMWPp2mmm0zZ1mWSDwP59RJLhWa/040qP0mm/fLn7xE08I6pSXmu9S/1BLrX0KjSjnmruEteuR4dQslF9F2OVNmBo25Sz7e0xDlhZV/KSA2VSjE24XcWNpHQ7ZllsZydti1YjEw/7ddR2Ct2Txr8/mSaBP7V5inkS7ZA8cxuH8vK7G+/t+jqc8kNZwhYGCaPFxp4z6feFDCYFasFsFhEjVswPCW3pkUEwSKm7qwW+5cNuNU3SMb607zKEFi4F0W23qKp1UNdoQ==\n",
            "public_key_pem": "-----BEGIN PUBLIC KEY-----\nMIICIjANBgkqhkiG9w0BAQEFAAOCAg8AMIICCgKCAgEAvgYbLMWOhDmWZHUrDLY1\nQn9Tv49UzBUMBjUq6xtpW44II/MwX/lHkpYLR/eLLnRHhLBLZ6AdW4UE6ApL29eO\n13LT1m+tvGIQLstAZKGM5e5oIy5VuGzKrLrdPUBaA4GqfnBG5YM2QeVPJdgOoUcM\np3S+y1HNPqpYGwFX6KXb5IO1EX8MrZL23exa6m7qprYnzJmNUaT+O8KqiRrUPttQ\nBitqywQ/uxzELSpFC+PxwwM6JudALl5N7MT+l4ttKhZcciyX6os8D0HgLurR+FYl\nWvkt4ycT2UVAtBrzKZxO15PzuGsAz7Lu/yXD/MHnYwPW13nAYpiephf+HZd2zmaM\ngNNJELfIDj8Kn2fuRZdPXOYWEG31Nsw0E7M4pX1x78y35g8gjC8g3FRaQQ9bUdNM\nrvDNYPV6rr+Cl1jFj6dppptM2dZlkg8D+fUSS4Vmv9ONKj9Jpv3y5+8RNPCOqUl5\nrvUv9QS619Co0o55q7hLXrkeHULJRfRdjlTZgaNuUs+3tMQ5YWVfykgNlUoxNuF3\nFjaR0O2ZZbGcnbYtWIxMP+3XUdgrdk8a/P5kmgT+1eYp5Eu2QPHMbh/Lyuxvv7fo\n6nPJDWcIWBgmjxcaeM+n3hQwmBWrBbBYRI1bMDwlt6ZFBMEipu6sFvuXDbjVN0jG\n+tO8yhBYuBdFtt6iqdVDXaECAwEAAQ==\n-----END PUBLIC KEY-----\n",
            "rsa_bits": 4096
          },
          "sensitive_attributes": []
        }
      ]
    }
  ],
  "check_results": null
}
